
Microsoft Visual Studio Solution File, Format Version 12.00
# Visual Studio 2013
VisualStudioVersion = 12.0.30219.0
MinimumVisualStudioVersion = 10.0.40219.1
Project("{FAE04EC0-301F-11D3-BF4B-00C04F79EFBC}") = "FFmpegBindings", "FFmpegBindings\FFmpegBindings.csproj", "{45C8FC62-811B-497D-BBAA-60205CFA8F91}"
EndProject
Project("{FAE04EC0-301F-11D3-BF4B-00C04F79EFBC}") = "2.1.3", "2.1.3\2.1.3.csproj", "{B0EE6496-CE63-42B7-9BDF-007B84138306}"
EndProject
Project("{FAE04EC0-301F-11D3-BF4B-00C04F79EFBC}") = "1.0.7", "1.0.7\1.0.7.csproj", "{6B37DBFD-7DA9-470A-ABE3-15CCCF0D8402}"
EndProject
Project("{2150E333-8FDC-42A3-9474-1A3956D46DE8}") = "CppSharp", "CppSharp", "{22655E61-D676-40AE-AE1D-7CDCFB46CFEE}"
EndProject
Project("{FAE04EC0-301F-11D3-BF4B-00C04F79EFBC}") = "CppSharp", "..\external\CppSharp\src\Core\CppSharp.csproj", "{C600C309-B2CD-1D15-DBE6-0BBDC71253A3}"
EndProject
Project("{FAE04EC0-301F-11D3-BF4B-00C04F79EFBC}") = "CppSharp.AST", "..\external\CppSharp\src\AST\CppSharp.AST.csproj", "{BC4C5C41-A8AF-EBE5-5135-249C3D77B768}"
EndProject
Project("{FAE04EC0-301F-11D3-BF4B-00C04F79EFBC}") = "CppSharp.Runtime", "..\external\CppSharp\src\Runtime\CppSharp.Runtime.csproj", "{189FF169-0498-10BC-2DCA-F5401922F0C7}"
EndProject
Project("{8BC9CEB8-8B4A-11D0-8D11-00A0C91BC942}") = "CppSharp.Parser", "..\external\CppSharp\build\vs2013\projects\CppSharp.Parser.vcxproj", "{C105FD61-2D91-6A26-36A2-ED1AA2ACC626}"
EndProject
Project("{FAE04EC0-301F-11D3-BF4B-00C04F79EFBC}") = "CppSharp.Generator", "..\external\CppSharp\src\Generator\CppSharp.Generator.csproj", "{1BD1FEC4-07B5-BF1A-7015-BA6D5C18AA9C}"
EndProject
Project("{2150E333-8FDC-42A3-9474-1A3956D46DE8}") = "Generated", "Generated", "{D39A2646-99C4-4B1A-80DD-20DB415DEB3B}"
EndProject
Global
	GlobalSection(SolutionConfigurationPlatforms) = preSolution
		Debug|Any CPU = Debug|Any CPU
		Debug|Win32 = Debug|Win32
		Debug|x64 = Debug|x64
		Release|Any CPU = Release|Any CPU
		Release|Win32 = Release|Win32
		Release|x64 = Release|x64
	EndGlobalSection
	GlobalSection(ProjectConfigurationPlatforms) = postSolution
		{45C8FC62-811B-497D-BBAA-60205CFA8F91}.Debug|Any CPU.ActiveCfg = Debug|Any CPU
		{45C8FC62-811B-497D-BBAA-60205CFA8F91}.Debug|Any CPU.Build.0 = Debug|Any CPU
		{45C8FC62-811B-497D-BBAA-60205CFA8F91}.Debug|Win32.ActiveCfg = Debug|x86
		{45C8FC62-811B-497D-BBAA-60205CFA8F91}.Debug|Win32.Build.0 = Debug|x86
		{45C8FC62-811B-497D-BBAA-60205CFA8F91}.Debug|x64.ActiveCfg = Debug|Any CPU
		{45C8FC62-811B-497D-BBAA-60205CFA8F91}.Release|Any CPU.ActiveCfg = Release|Any CPU
		{45C8FC62-811B-497D-BBAA-60205CFA8F91}.Release|Any CPU.Build.0 = Release|Any CPU
		{45C8FC62-811B-497D-BBAA-60205CFA8F91}.Release|Win32.ActiveCfg = Release|x86
		{45C8FC62-811B-497D-BBAA-60205CFA8F91}.Release|Win32.Build.0 = Release|x86
		{45C8FC62-811B-497D-BBAA-60205CFA8F91}.Release|x64.ActiveCfg = Release|Any CPU
		{B0EE6496-CE63-42B7-9BDF-007B84138306}.Debug|Any CPU.ActiveCfg = Debug|Any CPU
		{B0EE6496-CE63-42B7-9BDF-007B84138306}.Debug|Any CPU.Build.0 = Debug|Any CPU
		{B0EE6496-CE63-42B7-9BDF-007B84138306}.Debug|Win32.ActiveCfg = Debug|Any CPU
		{B0EE6496-CE63-42B7-9BDF-007B84138306}.Debug|x64.ActiveCfg = Debug|Any CPU
		{B0EE6496-CE63-42B7-9BDF-007B84138306}.Release|Any CPU.ActiveCfg = Release|Any CPU
		{B0EE6496-CE63-42B7-9BDF-007B84138306}.Release|Any CPU.Build.0 = Release|Any CPU
		{B0EE6496-CE63-42B7-9BDF-007B84138306}.Release|Win32.ActiveCfg = Release|Any CPU
		{B0EE6496-CE63-42B7-9BDF-007B84138306}.Release|x64.ActiveCfg = Release|Any CPU
		{6B37DBFD-7DA9-470A-ABE3-15CCCF0D8402}.Debug|Any CPU.ActiveCfg = Debug|Any CPU
		{6B37DBFD-7DA9-470A-ABE3-15CCCF0D8402}.Debug|Any CPU.Build.0 = Debug|Any CPU
		{6B37DBFD-7DA9-470A-ABE3-15CCCF0D8402}.Debug|Win32.ActiveCfg = Debug|Any CPU
		{6B37DBFD-7DA9-470A-ABE3-15CCCF0D8402}.Debug|x64.ActiveCfg = Debug|Any CPU
		{6B37DBFD-7DA9-470A-ABE3-15CCCF0D8402}.Release|Any CPU.ActiveCfg = Release|Any CPU
		{6B37DBFD-7DA9-470A-ABE3-15CCCF0D8402}.Release|Any CPU.Build.0 = Release|Any CPU
		{6B37DBFD-7DA9-470A-ABE3-15CCCF0D8402}.Release|Win32.ActiveCfg = Release|Any CPU
		{6B37DBFD-7DA9-470A-ABE3-15CCCF0D8402}.Release|x64.ActiveCfg = Release|Any CPU
		{C600C309-B2CD-1D15-DBE6-0BBDC71253A3}.Debug|Any CPU.ActiveCfg = Debug|x86
		{C600C309-B2CD-1D15-DBE6-0BBDC71253A3}.Debug|Win32.ActiveCfg = Debug|x86
		{C600C309-B2CD-1D15-DBE6-0BBDC71253A3}.Debug|Win32.Build.0 = Debug|x86
		{C600C309-B2CD-1D15-DBE6-0BBDC71253A3}.Debug|x64.ActiveCfg = Debug|x64
		{C600C309-B2CD-1D15-DBE6-0BBDC71253A3}.Debug|x64.Build.0 = Debug|x64
		{C600C309-B2CD-1D15-DBE6-0BBDC71253A3}.Release|Any CPU.ActiveCfg = Release|x86
		{C600C309-B2CD-1D15-DBE6-0BBDC71253A3}.Release|Win32.ActiveCfg = Release|x86
		{C600C309-B2CD-1D15-DBE6-0BBDC71253A3}.Release|Win32.Build.0 = Release|x86
		{C600C309-B2CD-1D15-DBE6-0BBDC71253A3}.Release|x64.ActiveCfg = Release|x64
		{C600C309-B2CD-1D15-DBE6-0BBDC71253A3}.Release|x64.Build.0 = Release|x64
		{BC4C5C41-A8AF-EBE5-5135-249C3D77B768}.Debug|Any CPU.ActiveCfg = Debug|x86
		{BC4C5C41-A8AF-EBE5-5135-249C3D77B768}.Debug|Win32.ActiveCfg = Debug|x86
		{BC4C5C41-A8AF-EBE5-5135-249C3D77B768}.Debug|Win32.Build.0 = Debug|x86
		{BC4C5C41-A8AF-EBE5-5135-249C3D77B768}.Debug|x64.ActiveCfg = Debug|x64
		{BC4C5C41-A8AF-EBE5-5135-249C3D77B768}.Debug|x64.Build.0 = Debug|x64
		{BC4C5C41-A8AF-EBE5-5135-249C3D77B768}.Release|Any CPU.ActiveCfg = Release|x86
		{BC4C5C41-A8AF-EBE5-5135-249C3D77B768}.Release|Win32.ActiveCfg = Release|x86
		{BC4C5C41-A8AF-EBE5-5135-249C3D77B768}.Release|Win32.Build.0 = Release|x86
		{BC4C5C41-A8AF-EBE5-5135-249C3D77B768}.Release|x64.ActiveCfg = Release|x64
		{BC4C5C41-A8AF-EBE5-5135-249C3D77B768}.Release|x64.Build.0 = Release|x64
		{189FF169-0498-10BC-2DCA-F5401922F0C7}.Debug|Any CPU.ActiveCfg = Debug|x86
		{189FF169-0498-10BC-2DCA-F5401922F0C7}.Debug|Win32.ActiveCfg = Debug|x86
		{189FF169-0498-10BC-2DCA-F5401922F0C7}.Debug|Win32.Build.0 = Debug|x86
		{189FF169-0498-10BC-2DCA-F5401922F0C7}.Debug|x64.ActiveCfg = Debug|x64
		{189FF169-0498-10BC-2DCA-F5401922F0C7}.Debug|x64.Build.0 = Debug|x64
		{189FF169-0498-10BC-2DCA-F5401922F0C7}.Release|Any CPU.ActiveCfg = Release|x86
		{189FF169-0498-10BC-2DCA-F5401922F0C7}.Release|Win32.ActiveCfg = Release|x86
		{189FF169-0498-10BC-2DCA-F5401922F0C7}.Release|Win32.Build.0 = Release|x86
		{189FF169-0498-10BC-2DCA-F5401922F0C7}.Release|x64.ActiveCfg = Release|x64
		{189FF169-0498-10BC-2DCA-F5401922F0C7}.Release|x64.Build.0 = Release|x64
		{C105FD61-2D91-6A26-36A2-ED1AA2ACC626}.Debug|Any CPU.ActiveCfg = Debug|Win32
		{C105FD61-2D91-6A26-36A2-ED1AA2ACC626}.Debug|Win32.ActiveCfg = Debug|Win32
		{C105FD61-2D91-6A26-36A2-ED1AA2ACC626}.Debug|Win32.Build.0 = Debug|Win32
		{C105FD61-2D91-6A26-36A2-ED1AA2ACC626}.Debug|x64.ActiveCfg = Debug|x64
		{C105FD61-2D91-6A26-36A2-ED1AA2ACC626}.Debug|x64.Build.0 = Debug|x64
		{C105FD61-2D91-6A26-36A2-ED1AA2ACC626}.Release|Any CPU.ActiveCfg = Release|Win32
		{C105FD61-2D91-6A26-36A2-ED1AA2ACC626}.Release|Win32.ActiveCfg = Release|Win32
		{C105FD61-2D91-6A26-36A2-ED1AA2ACC626}.Release|Win32.Build.0 = Release|Win32
		{C105FD61-2D91-6A26-36A2-ED1AA2ACC626}.Release|x64.ActiveCfg = Release|x64
		{C105FD61-2D91-6A26-36A2-ED1AA2ACC626}.Release|x64.Build.0 = Release|x64
		{1BD1FEC4-07B5-BF1A-7015-BA6D5C18AA9C}.Debug|Any CPU.ActiveCfg = Debug|x86
		{1BD1FEC4-07B5-BF1A-7015-BA6D5C18AA9C}.Debug|Win32.ActiveCfg = Debug|x86
		{1BD1FEC4-07B5-BF1A-7015-BA6D5C18AA9C}.Debug|Win32.Build.0 = Debug|x86
		{1BD1FEC4-07B5-BF1A-7015-BA6D5C18AA9C}.Debug|x64.ActiveCfg = Debug|x64
		{1BD1FEC4-07B5-BF1A-7015-BA6D5C18AA9C}.Debug|x64.Build.0 = Debug|x64
		{1BD1FEC4-07B5-BF1A-7015-BA6D5C18AA9C}.Release|Any CPU.ActiveCfg = Release|x86
		{1BD1FEC4-07B5-BF1A-7015-BA6D5C18AA9C}.Release|Win32.ActiveCfg = Release|x86
		{1BD1FEC4-07B5-BF1A-7015-BA6D5C18AA9C}.Release|Win32.Build.0 = Release|x86
		{1BD1FEC4-07B5-BF1A-7015-BA6D5C18AA9C}.Release|x64.ActiveCfg = Release|x64
		{1BD1FEC4-07B5-BF1A-7015-BA6D5C18AA9C}.Release|x64.Build.0 = Release|x64
	EndGlobalSection
	GlobalSection(SolutionProperties) = preSolution
		HideSolutionNode = FALSE
	EndGlobalSection
	GlobalSection(NestedProjects) = preSolution
		{C600C309-B2CD-1D15-DBE6-0BBDC71253A3} = {22655E61-D676-40AE-AE1D-7CDCFB46CFEE}
		{BC4C5C41-A8AF-EBE5-5135-249C3D77B768} = {22655E61-D676-40AE-AE1D-7CDCFB46CFEE}
		{189FF169-0498-10BC-2DCA-F5401922F0C7} = {22655E61-D676-40AE-AE1D-7CDCFB46CFEE}
		{C105FD61-2D91-6A26-36A2-ED1AA2ACC626} = {22655E61-D676-40AE-AE1D-7CDCFB46CFEE}
		{1BD1FEC4-07B5-BF1A-7015-BA6D5C18AA9C} = {22655E61-D676-40AE-AE1D-7CDCFB46CFEE}
		{6B37DBFD-7DA9-470A-ABE3-15CCCF0D8402} = {D39A2646-99C4-4B1A-80DD-20DB415DEB3B}
		{B0EE6496-CE63-42B7-9BDF-007B84138306} = {D39A2646-99C4-4B1A-80DD-20DB415DEB3B}
	EndGlobalSection
EndGlobal
